// !$*UTF8*$!
{
	archiveVersion = 1;
	classes = {
	};
	objectVersion = 48;
	objects = {

/* Begin PBXBuildFile section */
		AF026C6C2020E6C8007AA185 /* DataSourceImageView.swift in Sources */ = {isa = PBXBuildFile; fileRef = AF026C6B2020E6C8007AA185 /* DataSourceImageView.swift */; };
		AF6641732022B8C600BF5215 /* TableView.swift in Sources */ = {isa = PBXBuildFile; fileRef = AF6641722022B8C600BF5215 /* TableView.swift */; };
		AF8428762024D5240019D29E /* Fonts.swift in Sources */ = {isa = PBXBuildFile; fileRef = AF8428752024D5240019D29E /* Fonts.swift */; };
		AF87E509201D67BC0015CE1C /* DataSource.swift in Sources */ = {isa = PBXBuildFile; fileRef = AF87E508201D67BC0015CE1C /* DataSource.swift */; };
		AF95B71F2022C9C7004D9C7E /* UILabel Extension.swift in Sources */ = {isa = PBXBuildFile; fileRef = AF95B71E2022C9C7004D9C7E /* UILabel Extension.swift */; };
		AF95B7212022CB1B004D9C7E /* UIFont Extension.swift in Sources */ = {isa = PBXBuildFile; fileRef = AF95B7202022CB1B004D9C7E /* UIFont Extension.swift */; };
		AFBEB504201D564A0025D5EF /* UI.framework in Frameworks */ = {isa = PBXBuildFile; fileRef = AFBEB4FA201D564A0025D5EF /* UI.framework */; };
		AFBEB509201D564A0025D5EF /* UITests.swift in Sources */ = {isa = PBXBuildFile; fileRef = AFBEB508201D564A0025D5EF /* UITests.swift */; };
		AFBEB50B201D564A0025D5EF /* UI.h in Headers */ = {isa = PBXBuildFile; fileRef = AFBEB4FD201D564A0025D5EF /* UI.h */; settings = {ATTRIBUTES = (Public, ); }; };
		AFBEB51D201D569E0025D5EF /* ContainerView.swift in Sources */ = {isa = PBXBuildFile; fileRef = AFBEB516201D569D0025D5EF /* ContainerView.swift */; };
		AFBEB51E201D569E0025D5EF /* RaisedVisualEffectView.swift in Sources */ = {isa = PBXBuildFile; fileRef = AFBEB517201D569D0025D5EF /* RaisedVisualEffectView.swift */; };
		AFBEB51F201D569E0025D5EF /* TextField.swift in Sources */ = {isa = PBXBuildFile; fileRef = AFBEB518201D569D0025D5EF /* TextField.swift */; };
		AFBEB520201D569E0025D5EF /* Button.swift in Sources */ = {isa = PBXBuildFile; fileRef = AFBEB519201D569D0025D5EF /* Button.swift */; };
		AFBEB521201D569E0025D5EF /* RoundButton.swift in Sources */ = {isa = PBXBuildFile; fileRef = AFBEB51A201D569E0025D5EF /* RoundButton.swift */; };
		AFBEB522201D569E0025D5EF /* UIView+Rounded Corners.swift in Sources */ = {isa = PBXBuildFile; fileRef = AFBEB51B201D569E0025D5EF /* UIView+Rounded Corners.swift */; };
		AFBEB523201D569E0025D5EF /* Card.swift in Sources */ = {isa = PBXBuildFile; fileRef = AFBEB51C201D569E0025D5EF /* Card.swift */; };
		AFBEB525201D570D0025D5EF /* Colors.swift in Sources */ = {isa = PBXBuildFile; fileRef = AFBEB524201D570D0025D5EF /* Colors.swift */; };
		AFC7AEE9202032F90072566B /* ContainerCell.swift in Sources */ = {isa = PBXBuildFile; fileRef = AFC7AEE8202032F90072566B /* ContainerCell.swift */; };
		AFC7AEF0202036A70072566B /* DataSourceButtonView.swift in Sources */ = {isa = PBXBuildFile; fileRef = AFC7AEEF202036A70072566B /* DataSourceButtonView.swift */; };
		AFC7AEF420203DF70072566B /* DataSourceTextView.swift in Sources */ = {isa = PBXBuildFile; fileRef = AFC7AEF320203DF70072566B /* DataSourceTextView.swift */; };
		AFCFAC1620256476002BADF9 /* SnapKit.framework in Frameworks */ = {isa = PBXBuildFile; fileRef = AFCFAC1520256476002BADF9 /* SnapKit.framework */; };
		AFF781FD201E8D38004E94B9 /* UIApplication Extension.swift in Sources */ = {isa = PBXBuildFile; fileRef = AFF781FC201E8D38004E94B9 /* UIApplication Extension.swift */; };
/* End PBXBuildFile section */

/* Begin PBXContainerItemProxy section */
		AFBEB505201D564A0025D5EF /* PBXContainerItemProxy */ = {
			isa = PBXContainerItemProxy;
			containerPortal = AFBEB4F1201D564A0025D5EF /* Project object */;
			proxyType = 1;
			remoteGlobalIDString = AFBEB4F9201D564A0025D5EF;
			remoteInfo = UI;
		};
/* End PBXContainerItemProxy section */

/* Begin PBXFileReference section */
		AF026C6B2020E6C8007AA185 /* DataSourceImageView.swift */ = {isa = PBXFileReference; lastKnownFileType = sourcecode.swift; path = DataSourceImageView.swift; sourceTree = "<group>"; };
		AF6641722022B8C600BF5215 /* TableView.swift */ = {isa = PBXFileReference; lastKnownFileType = sourcecode.swift; path = TableView.swift; sourceTree = "<group>"; };
		AF8428752024D5240019D29E /* Fonts.swift */ = {isa = PBXFileReference; lastKnownFileType = sourcecode.swift; path = Fonts.swift; sourceTree = "<group>"; };
		AF87E508201D67BC0015CE1C /* DataSource.swift */ = {isa = PBXFileReference; lastKnownFileType = sourcecode.swift; path = DataSource.swift; sourceTree = "<group>"; };
		AF95B71E2022C9C7004D9C7E /* UILabel Extension.swift */ = {isa = PBXFileReference; lastKnownFileType = sourcecode.swift; path = "UILabel Extension.swift"; sourceTree = "<group>"; };
		AF95B7202022CB1B004D9C7E /* UIFont Extension.swift */ = {isa = PBXFileReference; lastKnownFileType = sourcecode.swift; path = "UIFont Extension.swift"; sourceTree = "<group>"; };
		AFBEB4FA201D564A0025D5EF /* UI.framework */ = {isa = PBXFileReference; explicitFileType = wrapper.framework; includeInIndex = 0; path = UI.framework; sourceTree = BUILT_PRODUCTS_DIR; };
		AFBEB4FD201D564A0025D5EF /* UI.h */ = {isa = PBXFileReference; lastKnownFileType = sourcecode.c.h; path = UI.h; sourceTree = "<group>"; };
		AFBEB4FE201D564A0025D5EF /* Info.plist */ = {isa = PBXFileReference; lastKnownFileType = text.plist.xml; path = Info.plist; sourceTree = "<group>"; };
		AFBEB503201D564A0025D5EF /* UITests.xctest */ = {isa = PBXFileReference; explicitFileType = wrapper.cfbundle; includeInIndex = 0; path = UITests.xctest; sourceTree = BUILT_PRODUCTS_DIR; };
		AFBEB508201D564A0025D5EF /* UITests.swift */ = {isa = PBXFileReference; lastKnownFileType = sourcecode.swift; path = UITests.swift; sourceTree = "<group>"; };
		AFBEB50A201D564A0025D5EF /* Info.plist */ = {isa = PBXFileReference; lastKnownFileType = text.plist.xml; path = Info.plist; sourceTree = "<group>"; };
		AFBEB516201D569D0025D5EF /* ContainerView.swift */ = {isa = PBXFileReference; fileEncoding = 4; lastKnownFileType = sourcecode.swift; path = ContainerView.swift; sourceTree = "<group>"; };
		AFBEB517201D569D0025D5EF /* RaisedVisualEffectView.swift */ = {isa = PBXFileReference; fileEncoding = 4; lastKnownFileType = sourcecode.swift; path = RaisedVisualEffectView.swift; sourceTree = "<group>"; };
		AFBEB518201D569D0025D5EF /* TextField.swift */ = {isa = PBXFileReference; fileEncoding = 4; lastKnownFileType = sourcecode.swift; path = TextField.swift; sourceTree = "<group>"; };
		AFBEB519201D569D0025D5EF /* Button.swift */ = {isa = PBXFileReference; fileEncoding = 4; lastKnownFileType = sourcecode.swift; path = Button.swift; sourceTree = "<group>"; };
		AFBEB51A201D569E0025D5EF /* RoundButton.swift */ = {isa = PBXFileReference; fileEncoding = 4; lastKnownFileType = sourcecode.swift; path = RoundButton.swift; sourceTree = "<group>"; };
		AFBEB51B201D569E0025D5EF /* UIView+Rounded Corners.swift */ = {isa = PBXFileReference; fileEncoding = 4; lastKnownFileType = sourcecode.swift; path = "UIView+Rounded Corners.swift"; sourceTree = "<group>"; };
		AFBEB51C201D569E0025D5EF /* Card.swift */ = {isa = PBXFileReference; fileEncoding = 4; lastKnownFileType = sourcecode.swift; path = Card.swift; sourceTree = "<group>"; };
		AFBEB524201D570D0025D5EF /* Colors.swift */ = {isa = PBXFileReference; fileEncoding = 4; lastKnownFileType = sourcecode.swift; path = Colors.swift; sourceTree = "<group>"; };
		AFC7AEE8202032F90072566B /* ContainerCell.swift */ = {isa = PBXFileReference; lastKnownFileType = sourcecode.swift; path = ContainerCell.swift; sourceTree = "<group>"; };
		AFC7AEEF202036A70072566B /* DataSourceButtonView.swift */ = {isa = PBXFileReference; lastKnownFileType = sourcecode.swift; path = DataSourceButtonView.swift; sourceTree = "<group>"; };
		AFC7AEF320203DF70072566B /* DataSourceTextView.swift */ = {isa = PBXFileReference; lastKnownFileType = sourcecode.swift; path = DataSourceTextView.swift; sourceTree = "<group>"; };
		AFCFAC1520256476002BADF9 /* SnapKit.framework */ = {isa = PBXFileReference; lastKnownFileType = wrapper.framework; path = SnapKit.framework; sourceTree = "<group>"; };
		AFF781FC201E8D38004E94B9 /* UIApplication Extension.swift */ = {isa = PBXFileReference; lastKnownFileType = sourcecode.swift; path = "UIApplication Extension.swift"; sourceTree = "<group>"; };
/* End PBXFileReference section */

/* Begin PBXFrameworksBuildPhase section */
		AFBEB4F6201D564A0025D5EF /* Frameworks */ = {
			isa = PBXFrameworksBuildPhase;
			buildActionMask = 2147483647;
			files = (
				AFCFAC1620256476002BADF9 /* SnapKit.framework in Frameworks */,
			);
			runOnlyForDeploymentPostprocessing = 0;
		};
		AFBEB500201D564A0025D5EF /* Frameworks */ = {
			isa = PBXFrameworksBuildPhase;
			buildActionMask = 2147483647;
			files = (
				AFBEB504201D564A0025D5EF /* UI.framework in Frameworks */,
			);
			runOnlyForDeploymentPostprocessing = 0;
		};
/* End PBXFrameworksBuildPhase section */

/* Begin PBXGroup section */
		AF87E507201D67B10015CE1C /* DataSource */ = {
			isa = PBXGroup;
			children = (
				AF87E508201D67BC0015CE1C /* DataSource.swift */,
				AFC7AEE8202032F90072566B /* ContainerCell.swift */,
				AFC7AEEF202036A70072566B /* DataSourceButtonView.swift */,
				AF026C6B2020E6C8007AA185 /* DataSourceImageView.swift */,
				AFC7AEF320203DF70072566B /* DataSourceTextView.swift */,
			);
			path = DataSource;
			sourceTree = "<group>";
		};
		AFBEB4F0201D564A0025D5EF = {
			isa = PBXGroup;
			children = (
				AFBEB514201D56530025D5EF /* Sources */,
				AFBEB4FC201D564A0025D5EF /* Config */,
				AFBEB507201D564A0025D5EF /* Tests */,
				AFC7AEEA2020354B0072566B /* Frameworks */,
				AFBEB4FB201D564A0025D5EF /* Products */,
			);
			sourceTree = "<group>";
		};
		AFBEB4FB201D564A0025D5EF /* Products */ = {
			isa = PBXGroup;
			children = (
				AFBEB4FA201D564A0025D5EF /* UI.framework */,
				AFBEB503201D564A0025D5EF /* UITests.xctest */,
			);
			name = Products;
			sourceTree = "<group>";
		};
		AFBEB4FC201D564A0025D5EF /* Config */ = {
			isa = PBXGroup;
			children = (
				AFBEB4FD201D564A0025D5EF /* UI.h */,
				AFBEB4FE201D564A0025D5EF /* Info.plist */,
			);
			path = Config;
			sourceTree = "<group>";
		};
		AFBEB507201D564A0025D5EF /* Tests */ = {
			isa = PBXGroup;
			children = (
				AFBEB508201D564A0025D5EF /* UITests.swift */,
				AFBEB50A201D564A0025D5EF /* Info.plist */,
			);
			path = Tests;
			sourceTree = "<group>";
		};
		AFBEB514201D56530025D5EF /* Sources */ = {
			isa = PBXGroup;
			children = (
				AFBEB519201D569D0025D5EF /* Button.swift */,
				AFBEB524201D570D0025D5EF /* Colors.swift */,
				AFBEB51C201D569E0025D5EF /* Card.swift */,
				AFBEB516201D569D0025D5EF /* ContainerView.swift */,
				AF87E507201D67B10015CE1C /* DataSource */,
				AF8428752024D5240019D29E /* Fonts.swift */,
				AFBEB517201D569D0025D5EF /* RaisedVisualEffectView.swift */,
				AFBEB51A201D569E0025D5EF /* RoundButton.swift */,
				AF6641722022B8C600BF5215 /* TableView.swift */,
				AFBEB518201D569D0025D5EF /* TextField.swift */,
				AFF781FC201E8D38004E94B9 /* UIApplication Extension.swift */,
				AF95B7202022CB1B004D9C7E /* UIFont Extension.swift */,
				AF95B71E2022C9C7004D9C7E /* UILabel Extension.swift */,
				AFBEB51B201D569E0025D5EF /* UIView+Rounded Corners.swift */,
			);
			path = Sources;
			sourceTree = "<group>";
		};
		AFC7AEEA2020354B0072566B /* Frameworks */ = {
			isa = PBXGroup;
			children = (
				AFCFAC1520256476002BADF9 /* SnapKit.framework */,
			);
			name = Frameworks;
			path = ../Frameworks;
			sourceTree = "<group>";
		};
/* End PBXGroup section */

/* Begin PBXHeadersBuildPhase section */
		AFBEB4F7201D564A0025D5EF /* Headers */ = {
			isa = PBXHeadersBuildPhase;
			buildActionMask = 2147483647;
			files = (
				AFBEB50B201D564A0025D5EF /* UI.h in Headers */,
			);
			runOnlyForDeploymentPostprocessing = 0;
		};
/* End PBXHeadersBuildPhase section */

/* Begin PBXNativeTarget section */
		AFBEB4F9201D564A0025D5EF /* UI */ = {
			isa = PBXNativeTarget;
			buildConfigurationList = AFBEB50E201D564A0025D5EF /* Build configuration list for PBXNativeTarget "UI" */;
			buildPhases = (
				AFBEB4F5201D564A0025D5EF /* Sources */,
				AFBEB4F6201D564A0025D5EF /* Frameworks */,
				AFBEB4F7201D564A0025D5EF /* Headers */,
				AF87E50A201D67DC0015CE1C /* ShellScript */,
			);
			buildRules = (
			);
			dependencies = (
			);
			name = UI;
			productName = UI;
			productReference = AFBEB4FA201D564A0025D5EF /* UI.framework */;
			productType = "com.apple.product-type.framework";
		};
		AFBEB502201D564A0025D5EF /* UITests */ = {
			isa = PBXNativeTarget;
			buildConfigurationList = AFBEB511201D564A0025D5EF /* Build configuration list for PBXNativeTarget "UITests" */;
			buildPhases = (
				AFBEB4FF201D564A0025D5EF /* Sources */,
				AFBEB500201D564A0025D5EF /* Frameworks */,
				AFBEB501201D564A0025D5EF /* Resources */,
			);
			buildRules = (
			);
			dependencies = (
				AFBEB506201D564A0025D5EF /* PBXTargetDependency */,
			);
			name = UITests;
			productName = UITests;
			productReference = AFBEB503201D564A0025D5EF /* UITests.xctest */;
			productType = "com.apple.product-type.bundle.unit-test";
		};
/* End PBXNativeTarget section */

/* Begin PBXProject section */
		AFBEB4F1201D564A0025D5EF /* Project object */ = {
			isa = PBXProject;
			attributes = {
				LastSwiftUpdateCheck = 0920;
				LastUpgradeCheck = 0920;
				ORGANIZATIONNAME = "Pranjal Satija";
				TargetAttributes = {
					AFBEB4F9201D564A0025D5EF = {
						CreatedOnToolsVersion = 9.2;
						LastSwiftMigration = 0920;
						ProvisioningStyle = Automatic;
					};
					AFBEB502201D564A0025D5EF = {
						CreatedOnToolsVersion = 9.2;
						ProvisioningStyle = Automatic;
					};
				};
			};
			buildConfigurationList = AFBEB4F4201D564A0025D5EF /* Build configuration list for PBXProject "UI" */;
			compatibilityVersion = "Xcode 8.0";
			developmentRegion = en;
			hasScannedForEncodings = 0;
			knownRegions = (
				en,
			);
			mainGroup = AFBEB4F0201D564A0025D5EF;
			productRefGroup = AFBEB4FB201D564A0025D5EF /* Products */;
			projectDirPath = "";
			projectRoot = "";
			targets = (
				AFBEB4F9201D564A0025D5EF /* UI */,
				AFBEB502201D564A0025D5EF /* UITests */,
			);
		};
/* End PBXProject section */

/* Begin PBXResourcesBuildPhase section */
		AFBEB501201D564A0025D5EF /* Resources */ = {
			isa = PBXResourcesBuildPhase;
			buildActionMask = 2147483647;
			files = (
			);
			runOnlyForDeploymentPostprocessing = 0;
		};
/* End PBXResourcesBuildPhase section */

/* Begin PBXShellScriptBuildPhase section */
		AF87E50A201D67DC0015CE1C /* ShellScript */ = {
			isa = PBXShellScriptBuildPhase;
			buildActionMask = 2147483647;
			files = (
			);
			inputPaths = (
			);
			outputPaths = (
			);
			runOnlyForDeploymentPostprocessing = 0;
			shellPath = /bin/sh;
			shellScript = "";
		};
/* End PBXShellScriptBuildPhase section */

/* Begin PBXSourcesBuildPhase section */
		AFBEB4F5201D564A0025D5EF /* Sources */ = {
			isa = PBXSourcesBuildPhase;
			buildActionMask = 2147483647;
			files = (
				AF95B7212022CB1B004D9C7E /* UIFont Extension.swift in Sources */,
				AFF781FD201E8D38004E94B9 /* UIApplication Extension.swift in Sources */,
				AF6641732022B8C600BF5215 /* TableView.swift in Sources */,
				AF026C6C2020E6C8007AA185 /* DataSourceImageView.swift in Sources */,
				AFBEB51F201D569E0025D5EF /* TextField.swift in Sources */,
				AFBEB525201D570D0025D5EF /* Colors.swift in Sources */,
				AFBEB521201D569E0025D5EF /* RoundButton.swift in Sources */,
				AF87E509201D67BC0015CE1C /* DataSource.swift in Sources */,
				AFBEB523201D569E0025D5EF /* Card.swift in Sources */,
				AFBEB51D201D569E0025D5EF /* ContainerView.swift in Sources */,
				AFC7AEF420203DF70072566B /* DataSourceTextView.swift in Sources */,
				AFBEB51E201D569E0025D5EF /* RaisedVisualEffectView.swift in Sources */,
				AFC7AEE9202032F90072566B /* ContainerCell.swift in Sources */,
				AFBEB522201D569E0025D5EF /* UIView+Rounded Corners.swift in Sources */,
				AF95B71F2022C9C7004D9C7E /* UILabel Extension.swift in Sources */,
				AFBEB520201D569E0025D5EF /* Button.swift in Sources */,
				AF8428762024D5240019D29E /* Fonts.swift in Sources */,
				AFC7AEF0202036A70072566B /* DataSourceButtonView.swift in Sources */,
			);
			runOnlyForDeploymentPostprocessing = 0;
		};
		AFBEB4FF201D564A0025D5EF /* Sources */ = {
			isa = PBXSourcesBuildPhase;
			buildActionMask = 2147483647;
			files = (
				AFBEB509201D564A0025D5EF /* UITests.swift in Sources */,
			);
			runOnlyForDeploymentPostprocessing = 0;
		};
/* End PBXSourcesBuildPhase section */

/* Begin PBXTargetDependency section */
		AFBEB506201D564A0025D5EF /* PBXTargetDependency */ = {
			isa = PBXTargetDependency;
			target = AFBEB4F9201D564A0025D5EF /* UI */;
			targetProxy = AFBEB505201D564A0025D5EF /* PBXContainerItemProxy */;
		};
/* End PBXTargetDependency section */

/* Begin XCBuildConfiguration section */
		AFBEB50C201D564A0025D5EF /* Debug */ = {
			isa = XCBuildConfiguration;
			buildSettings = {
				ALWAYS_SEARCH_USER_PATHS = NO;
				CLANG_ANALYZER_NONNULL = YES;
				CLANG_ANALYZER_NUMBER_OBJECT_CONVERSION = YES_AGGRESSIVE;
				CLANG_CXX_LANGUAGE_STANDARD = "gnu++14";
				CLANG_CXX_LIBRARY = "libc++";
				CLANG_ENABLE_MODULES = YES;
				CLANG_ENABLE_OBJC_ARC = YES;
				CLANG_WARN_BLOCK_CAPTURE_AUTORELEASING = YES;
				CLANG_WARN_BOOL_CONVERSION = YES;
				CLANG_WARN_COMMA = YES;
				CLANG_WARN_CONSTANT_CONVERSION = YES;
				CLANG_WARN_DIRECT_OBJC_ISA_USAGE = YES_ERROR;
				CLANG_WARN_DOCUMENTATION_COMMENTS = YES;
				CLANG_WARN_EMPTY_BODY = YES;
				CLANG_WARN_ENUM_CONVERSION = YES;
				CLANG_WARN_INFINITE_RECURSION = YES;
				CLANG_WARN_INT_CONVERSION = YES;
				CLANG_WARN_NON_LITERAL_NULL_CONVERSION = YES;
				CLANG_WARN_OBJC_LITERAL_CONVERSION = YES;
				CLANG_WARN_OBJC_ROOT_CLASS = YES_ERROR;
				CLANG_WARN_RANGE_LOOP_ANALYSIS = YES;
				CLANG_WARN_STRICT_PROTOTYPES = YES;
				CLANG_WARN_SUSPICIOUS_MOVE = YES;
				CLANG_WARN_UNGUARDED_AVAILABILITY = YES_AGGRESSIVE;
				CLANG_WARN_UNREACHABLE_CODE = YES;
				CLANG_WARN__DUPLICATE_METHOD_MATCH = YES;
				CODE_SIGN_IDENTITY = "iPhone Developer";
				COPY_PHASE_STRIP = NO;
				CURRENT_PROJECT_VERSION = 1;
				DEBUG_INFORMATION_FORMAT = dwarf;
				ENABLE_STRICT_OBJC_MSGSEND = YES;
				ENABLE_TESTABILITY = YES;
				GCC_C_LANGUAGE_STANDARD = gnu11;
				GCC_DYNAMIC_NO_PIC = NO;
				GCC_NO_COMMON_BLOCKS = YES;
				GCC_OPTIMIZATION_LEVEL = 0;
				GCC_PREPROCESSOR_DEFINITIONS = (
					"DEBUG=1",
					"$(inherited)",
				);
				GCC_WARN_64_TO_32_BIT_CONVERSION = YES;
				GCC_WARN_ABOUT_RETURN_TYPE = YES_ERROR;
				GCC_WARN_UNDECLARED_SELECTOR = YES;
				GCC_WARN_UNINITIALIZED_AUTOS = YES_AGGRESSIVE;
				GCC_WARN_UNUSED_FUNCTION = YES;
				GCC_WARN_UNUSED_VARIABLE = YES;
				IPHONEOS_DEPLOYMENT_TARGET = 10.0;
				MTL_ENABLE_DEBUG_INFO = YES;
				ONLY_ACTIVE_ARCH = YES;
				SDKROOT = iphoneos;
				SWIFT_ACTIVE_COMPILATION_CONDITIONS = DEBUG;
				SWIFT_OPTIMIZATION_LEVEL = "-Onone";
				VERSIONING_SYSTEM = "apple-generic";
				VERSION_INFO_PREFIX = "";
			};
			name = Debug;
		};
		AFBEB50D201D564A0025D5EF /* Release */ = {
			isa = XCBuildConfiguration;
			buildSettings = {
				ALWAYS_SEARCH_USER_PATHS = NO;
				CLANG_ANALYZER_NONNULL = YES;
				CLANG_ANALYZER_NUMBER_OBJECT_CONVERSION = YES_AGGRESSIVE;
				CLANG_CXX_LANGUAGE_STANDARD = "gnu++14";
				CLANG_CXX_LIBRARY = "libc++";
				CLANG_ENABLE_MODULES = YES;
				CLANG_ENABLE_OBJC_ARC = YES;
				CLANG_WARN_BLOCK_CAPTURE_AUTORELEASING = YES;
				CLANG_WARN_BOOL_CONVERSION = YES;
				CLANG_WARN_COMMA = YES;
				CLANG_WARN_CONSTANT_CONVERSION = YES;
				CLANG_WARN_DIRECT_OBJC_ISA_USAGE = YES_ERROR;
				CLANG_WARN_DOCUMENTATION_COMMENTS = YES;
				CLANG_WARN_EMPTY_BODY = YES;
				CLANG_WARN_ENUM_CONVERSION = YES;
				CLANG_WARN_INFINITE_RECURSION = YES;
				CLANG_WARN_INT_CONVERSION = YES;
				CLANG_WARN_NON_LITERAL_NULL_CONVERSION = YES;
				CLANG_WARN_OBJC_LITERAL_CONVERSION = YES;
				CLANG_WARN_OBJC_ROOT_CLASS = YES_ERROR;
				CLANG_WARN_RANGE_LOOP_ANALYSIS = YES;
				CLANG_WARN_STRICT_PROTOTYPES = YES;
				CLANG_WARN_SUSPICIOUS_MOVE = YES;
				CLANG_WARN_UNGUARDED_AVAILABILITY = YES_AGGRESSIVE;
				CLANG_WARN_UNREACHABLE_CODE = YES;
				CLANG_WARN__DUPLICATE_METHOD_MATCH = YES;
				CODE_SIGN_IDENTITY = "iPhone Developer";
				COPY_PHASE_STRIP = NO;
				CURRENT_PROJECT_VERSION = 1;
				DEBUG_INFORMATION_FORMAT = "dwarf-with-dsym";
				ENABLE_NS_ASSERTIONS = NO;
				ENABLE_STRICT_OBJC_MSGSEND = YES;
				GCC_C_LANGUAGE_STANDARD = gnu11;
				GCC_NO_COMMON_BLOCKS = YES;
				GCC_WARN_64_TO_32_BIT_CONVERSION = YES;
				GCC_WARN_ABOUT_RETURN_TYPE = YES_ERROR;
				GCC_WARN_UNDECLARED_SELECTOR = YES;
				GCC_WARN_UNINITIALIZED_AUTOS = YES_AGGRESSIVE;
				GCC_WARN_UNUSED_FUNCTION = YES;
				GCC_WARN_UNUSED_VARIABLE = YES;
				IPHONEOS_DEPLOYMENT_TARGET = 10.0;
				MTL_ENABLE_DEBUG_INFO = NO;
				SDKROOT = iphoneos;
				SWIFT_OPTIMIZATION_LEVEL = "-Owholemodule";
				VALIDATE_PRODUCT = YES;
				VERSIONING_SYSTEM = "apple-generic";
				VERSION_INFO_PREFIX = "";
			};
			name = Release;
		};
		AFBEB50F201D564A0025D5EF /* Debug */ = {
			isa = XCBuildConfiguration;
			buildSettings = {
				CLANG_ENABLE_MODULES = YES;
				CODE_SIGN_IDENTITY = "";
				CODE_SIGN_STYLE = Automatic;
				DEFINES_MODULE = YES;
				DEVELOPMENT_TEAM = X872NB7KGG;
				DYLIB_COMPATIBILITY_VERSION = 1;
				DYLIB_CURRENT_VERSION = 1;
				DYLIB_INSTALL_NAME_BASE = "@rpath";
				FRAMEWORK_SEARCH_PATHS = "../Frameworks/**";
				INFOPLIST_FILE = Config/Info.plist;
				INSTALL_PATH = "$(LOCAL_LIBRARY_DIR)/Frameworks";
				LD_RUNPATH_SEARCH_PATHS = "$(inherited) @executable_path/Frameworks @loader_path/Frameworks";
				PRODUCT_BUNDLE_IDENTIFIER = events.mark.UI;
				PRODUCT_NAME = "$(TARGET_NAME:c99extidentifier)";
				SKIP_INSTALL = YES;
				SWIFT_OPTIMIZATION_LEVEL = "-Onone";
				SWIFT_VERSION = 4.0;
				TARGETED_DEVICE_FAMILY = "1,2";
			};
			name = Debug;
		};
		AFBEB510201D564A0025D5EF /* Release */ = {
			isa = XCBuildConfiguration;
			buildSettings = {
				CLANG_ENABLE_MODULES = YES;
				CODE_SIGN_IDENTITY = "";
				CODE_SIGN_STYLE = Automatic;
				DEFINES_MODULE = YES;
				DEVELOPMENT_TEAM = X872NB7KGG;
				DYLIB_COMPATIBILITY_VERSION = 1;
				DYLIB_CURRENT_VERSION = 1;
				DYLIB_INSTALL_NAME_BASE = "@rpath";
				FRAMEWORK_SEARCH_PATHS = "../Frameworks/**";
				INFOPLIST_FILE = Config/Info.plist;
				INSTALL_PATH = "$(LOCAL_LIBRARY_DIR)/Frameworks";
				LD_RUNPATH_SEARCH_PATHS = "$(inherited) @executable_path/Frameworks @loader_path/Frameworks";
				PRODUCT_BUNDLE_IDENTIFIER = events.mark.UI;
				PRODUCT_NAME = "$(TARGET_NAME:c99extidentifier)";
				SKIP_INSTALL = YES;
				SWIFT_VERSION = 4.0;
				TARGETED_DEVICE_FAMILY = "1,2";
			};
			name = Release;
		};
		AFBEB512201D564A0025D5EF /* Debug */ = {
			isa = XCBuildConfiguration;
			buildSettings = {
				ALWAYS_EMBED_SWIFT_STANDARD_LIBRARIES = YES;
				CODE_SIGN_STYLE = Automatic;
				DEVELOPMENT_TEAM = X872NB7KGG;
				INFOPLIST_FILE = Tests/Info.plist;
				LD_RUNPATH_SEARCH_PATHS = "$(inherited) @executable_path/Frameworks @loader_path/Frameworks";
				PRODUCT_BUNDLE_IDENTIFIER = events.mark.UITests;
				PRODUCT_NAME = "$(TARGET_NAME)";
				SWIFT_VERSION = 4.0;
				TARGETED_DEVICE_FAMILY = "1,2";
			};
			name = Debug;
		};
		AFBEB513201D564A0025D5EF /* Release */ = {
			isa = XCBuildConfiguration;
			buildSettings = {
				ALWAYS_EMBED_SWIFT_STANDARD_LIBRARIES = YES;
				CODE_SIGN_STYLE = Automatic;
				DEVELOPMENT_TEAM = X872NB7KGG;
				INFOPLIST_FILE = Tests/Info.plist;
				LD_RUNPATH_SEARCH_PATHS = "$(inherited) @executable_path/Frameworks @loader_path/Frameworks";
				PRODUCT_BUNDLE_IDENTIFIER = events.mark.UITests;
				PRODUCT_NAME = "$(TARGET_NAME)";
				SWIFT_VERSION = 4.0;
				TARGETED_DEVICE_FAMILY = "1,2";
			};
			name = Release;
		};
/* End XCBuildConfiguration section */

/* Begin XCConfigurationList section */
		AFBEB4F4201D564A0025D5EF /* Build configuration list for PBXProject "UI" */ = {
			isa = XCConfigurationList;
			buildConfigurations = (
				AFBEB50C201D564A0025D5EF /* Debug */,
				AFBEB50D201D564A0025D5EF /* Release */,
			);
			defaultConfigurationIsVisible = 0;
			defaultConfigurationName = Release;
		};
		AFBEB50E201D564A0025D5EF /* Build configuration list for PBXNativeTarget "UI" */ = {
			isa = XCConfigurationList;
			buildConfigurations = (
				AFBEB50F201D564A0025D5EF /* Debug */,
				AFBEB510201D564A0025D5EF /* Release */,
			);
			defaultConfigurationIsVisible = 0;
			defaultConfigurationName = Release;
		};
		AFBEB511201D564A0025D5EF /* Build configuration list for PBXNativeTarget "UITests" */ = {
			isa = XCConfigurationList;
			buildConfigurations = (
				AFBEB512201D564A0025D5EF /* Debug */,
				AFBEB513201D564A0025D5EF /* Release */,
			);
			defaultConfigurationIsVisible = 0;
			defaultConfigurationName = Release;
		};
/* End XCConfigurationList section */
	};
	rootObject = AFBEB4F1201D564A0025D5EF /* Project object */;
}
